
Microsoft Visual Studio Solution File, Format Version 12.00
# Visual Studio Version 17
VisualStudioVersion = 17.4.33110.190
MinimumVisualStudioVersion = 10.0.40219.1
Project("{FAE04EC0-301F-11D3-BF4B-00C04F79EFBC}") = "DataAccess", "DataAccess\DataAccess.csproj", "{0DC6623E-C477-46A6-BC53-8D64C813E2F4}"
EndProject
Project("{FAE04EC0-301F-11D3-BF4B-00C04F79EFBC}") = "Business", "Business\Business.csproj", "{096D7C1F-14BC-49B5-A63E-E77F452F6382}"
EndProject
Project("{FAE04EC0-301F-11D3-BF4B-00C04F79EFBC}") = "Entities", "Entities\Entities.csproj", "{B178B102-4C51-4ED0-AD39-585660677558}"
EndProject
Project("{FAE04EC0-301F-11D3-BF4B-00C04F79EFBC}") = "ConsoleUI", "ConsoleUI\ConsoleUI.csproj", "{C56E6509-0084-4DBD-A276-AD848581E246}"
EndProject
Global
	GlobalSection(SolutionConfigurationPlatforms) = preSolution
		Debug|Any CPU = Debug|Any CPU
		Release|Any CPU = Release|Any CPU
	EndGlobalSection
	GlobalSection(ProjectConfigurationPlatforms) = postSolution
		{0DC6623E-C477-46A6-BC53-8D64C813E2F4}.Debug|Any CPU.ActiveCfg = Debug|Any CPU
		{0DC6623E-C477-46A6-BC53-8D64C813E2F4}.Debug|Any CPU.Build.0 = Debug|Any CPU
		{0DC6623E-C477-46A6-BC53-8D64C813E2F4}.Release|Any CPU.ActiveCfg = Release|Any CPU
		{0DC6623E-C477-46A6-BC53-8D64C813E2F4}.Release|Any CPU.Build.0 = Release|Any CPU
		{096D7C1F-14BC-49B5-A63E-E77F452F6382}.Debug|Any CPU.ActiveCfg = Debug|Any CPU
		{096D7C1F-14BC-49B5-A63E-E77F452F6382}.Debug|Any CPU.Build.0 = Debug|Any CPU
		{096D7C1F-14BC-49B5-A63E-E77F452F6382}.Release|Any CPU.ActiveCfg = Release|Any CPU
		{096D7C1F-14BC-49B5-A63E-E77F452F6382}.Release|Any CPU.Build.0 = Release|Any CPU
		{B178B102-4C51-4ED0-AD39-585660677558}.Debug|Any CPU.ActiveCfg = Debug|Any CPU
		{B178B102-4C51-4ED0-AD39-585660677558}.Debug|Any CPU.Build.0 = Debug|Any CPU
		{B178B102-4C51-4ED0-AD39-585660677558}.Release|Any CPU.ActiveCfg = Release|Any CPU
		{B178B102-4C51-4ED0-AD39-585660677558}.Release|Any CPU.Build.0 = Release|Any CPU
		{C56E6509-0084-4DBD-A276-AD848581E246}.Debug|Any CPU.ActiveCfg = Debug|Any CPU
		{C56E6509-0084-4DBD-A276-AD848581E246}.Debug|Any CPU.Build.0 = Debug|Any CPU
		{C56E6509-0084-4DBD-A276-AD848581E246}.Release|Any CPU.ActiveCfg = Release|Any CPU
		{C56E6509-0084-4DBD-A276-AD848581E246}.Release|Any CPU.Build.0 = Release|Any CPU
	EndGlobalSection
	GlobalSection(SolutionProperties) = preSolution
		HideSolutionNode = FALSE
	EndGlobalSection
	GlobalSection(ExtensibilityGlobals) = postSolution
		SolutionGuid = {6EB6CCC8-CE8C-4174-9BEA-558D089C7C40}
	EndGlobalSection
EndGlobal
